
Microsoft Visual Studio Solution File, Format Version 12.00
# Visual Studio Version 17
VisualStudioVersion = 17.12.35707.178
MinimumVisualStudioVersion = 10.0.40219.1
Project("{FAE04EC0-301F-11D3-BF4B-00C04F79EFBC}") = "SnippingToolOcr", "SnippingToolOcr\SnippingToolOcr.csproj", "{63373606-F85C-4463-AD81-334547926A46}"
EndProject
Project("{FAE04EC0-301F-11D3-BF4B-00C04F79EFBC}") = "SnippingToolOcrTest", "SnippingToolOcrTest\SnippingToolOcrTest.csproj", "{A3FADADE-4B21-4F0C-AA4D-13459AE4EDEA}"
EndProject
Global
	GlobalSection(SolutionConfigurationPlatforms) = preSolution
		Debug|Any CPU = Debug|Any CPU
		Debug|x64 = Debug|x64
		Release|Any CPU = Release|Any CPU
		Release|x64 = Release|x64
	EndGlobalSection
	GlobalSection(ProjectConfigurationPlatforms) = postSolution
		{63373606-F85C-4463-AD81-334547926A46}.Debug|Any CPU.ActiveCfg = Debug|Any CPU
		{63373606-F85C-4463-AD81-334547926A46}.Debug|Any CPU.Build.0 = Debug|Any CPU
		{63373606-F85C-4463-AD81-334547926A46}.Debug|x64.ActiveCfg = Debug|Any CPU
		{63373606-F85C-4463-AD81-334547926A46}.Debug|x64.Build.0 = Debug|Any CPU
		{63373606-F85C-4463-AD81-334547926A46}.Release|Any CPU.ActiveCfg = Release|Any CPU
		{63373606-F85C-4463-AD81-334547926A46}.Release|Any CPU.Build.0 = Release|Any CPU
		{63373606-F85C-4463-AD81-334547926A46}.Release|x64.ActiveCfg = Release|Any CPU
		{63373606-F85C-4463-AD81-334547926A46}.Release|x64.Build.0 = Release|Any CPU
		{A3FADADE-4B21-4F0C-AA4D-13459AE4EDEA}.Debug|Any CPU.ActiveCfg = Debug|Any CPU
		{A3FADADE-4B21-4F0C-AA4D-13459AE4EDEA}.Debug|Any CPU.Build.0 = Debug|Any CPU
		{A3FADADE-4B21-4F0C-AA4D-13459AE4EDEA}.Debug|x64.ActiveCfg = Debug|Any CPU
		{A3FADADE-4B21-4F0C-AA4D-13459AE4EDEA}.Debug|x64.Build.0 = Debug|Any CPU
		{A3FADADE-4B21-4F0C-AA4D-13459AE4EDEA}.Release|Any CPU.ActiveCfg = Release|Any CPU
		{A3FADADE-4B21-4F0C-AA4D-13459AE4EDEA}.Release|Any CPU.Build.0 = Release|Any CPU
		{A3FADADE-4B21-4F0C-AA4D-13459AE4EDEA}.Release|x64.ActiveCfg = Release|Any CPU
		{A3FADADE-4B21-4F0C-AA4D-13459AE4EDEA}.Release|x64.Build.0 = Release|Any CPU
	EndGlobalSection
	GlobalSection(SolutionProperties) = preSolution
		HideSolutionNode = FALSE
	EndGlobalSection
EndGlobal
